
Microsoft Visual Studio Solution File, Format Version 12.00
# Visual Studio Version 17
VisualStudioVersion = 17.10.35027.167
MinimumVisualStudioVersion = 10.0.40219.1
Project("{8BC9CEB8-8B4A-11D0-8D11-00A0C91BC942}") = "Builder", "Builder\Builder.vcxproj", "{BA223EBE-23EC-4D94-8E26-E8CE88E64610}"
EndProject
Global
	GlobalSection(SolutionConfigurationPlatforms) = preSolution
		Debug|x64 = Debug|x64
		Debug|x86 = Debug|x86
		Release|x64 = Release|x64
		Release|x86 = Release|x86
	EndGlobalSection
	GlobalSection(ProjectConfigurationPlatforms) = postSolution
		{BA223EBE-23EC-4D94-8E26-E8CE88E64610}.Debug|x64.ActiveCfg = Debug|x64
		{BA223EBE-23EC-4D94-8E26-E8CE88E64610}.Debug|x64.Build.0 = Debug|x64
		{BA223EBE-23EC-4D94-8E26-E8CE88E64610}.Debug|x86.ActiveCfg = Debug|Win32
		{BA223EBE-23EC-4D94-8E26-E8CE88E64610}.Debug|x86.Build.0 = Debug|Win32
		{BA223EBE-23EC-4D94-8E26-E8CE88E64610}.Release|x64.ActiveCfg = Release|x64
		{BA223EBE-23EC-4D94-8E26-E8CE88E64610}.Release|x64.Build.0 = Release|x64
		{BA223EBE-23EC-4D94-8E26-E8CE88E64610}.Release|x86.ActiveCfg = Release|Win32
		{BA223EBE-23EC-4D94-8E26-E8CE88E64610}.Release|x86.Build.0 = Release|Win32
	EndGlobalSection
	GlobalSection(SolutionProperties) = preSolution
		HideSolutionNode = FALSE
	EndGlobalSection
	GlobalSection(ExtensibilityGlobals) = postSolution
		SolutionGuid = {7264AB1D-88CA-42B1-BBCA-D029A951FFB1}
	EndGlobalSection
EndGlobal
